// !$*UTF8*$!
{
	archiveVersion = 1;
	classes = {
	};
	objectVersion = 46;
	objects = {

/* Begin PBXBuildFile section */
		742A8FCE1EC24B9100660609 /* AppDelegate.swift in Sources */ = {isa = PBXBuildFile; fileRef = 742A8FCD1EC24B9100660609 /* AppDelegate.swift */; };
		742A8FD31EC24B9100660609 /* Main.storyboard in Resources */ = {isa = PBXBuildFile; fileRef = 742A8FD11EC24B9100660609 /* Main.storyboard */; };
		742A8FD51EC24B9100660609 /* Assets.xcassets in Resources */ = {isa = PBXBuildFile; fileRef = 742A8FD41EC24B9100660609 /* Assets.xcassets */; };
		742A8FD81EC24B9100660609 /* LaunchScreen.storyboard in Resources */ = {isa = PBXBuildFile; fileRef = 742A8FD61EC24B9100660609 /* LaunchScreen.storyboard */; };
		742A8FF41EC24C7E00660609 /* MainVC.swift in Sources */ = {isa = PBXBuildFile; fileRef = 742A8FF31EC24C7E00660609 /* MainVC.swift */; };
		742A8FF61EC24E3A00660609 /* DropShadow.swift in Sources */ = {isa = PBXBuildFile; fileRef = 742A8FF51EC24E3A00660609 /* DropShadow.swift */; };
		742A8FF81EC24EFD00660609 /* HeaderView.swift in Sources */ = {isa = PBXBuildFile; fileRef = 742A8FF71EC24EFD00660609 /* HeaderView.swift */; };
		742A8FFA1EC2509700660609 /* Taco.swift in Sources */ = {isa = PBXBuildFile; fileRef = 742A8FF91EC2509700660609 /* Taco.swift */; };
		742A8FFC1EC253E400660609 /* DataService.swift in Sources */ = {isa = PBXBuildFile; fileRef = 742A8FFB1EC253E400660609 /* DataService.swift */; };
		742A8FFF1EC2571C00660609 /* TacoCell.swift in Sources */ = {isa = PBXBuildFile; fileRef = 742A8FFD1EC2571C00660609 /* TacoCell.swift */; };
		742A90001EC2571C00660609 /* TacoCell.xib in Resources */ = {isa = PBXBuildFile; fileRef = 742A8FFE1EC2571C00660609 /* TacoCell.xib */; };
/* End PBXBuildFile section */

/* Begin PBXContainerItemProxy section */
		742A8FDF1EC24B9100660609 /* PBXContainerItemProxy */ = {
			isa = PBXContainerItemProxy;
			containerPortal = 742A8FC21EC24B9100660609 /* Project object */;
			proxyType = 1;
			remoteGlobalIDString = 742A8FC91EC24B9100660609;
			remoteInfo = TacoPOP;
		};
/* End PBXContainerItemProxy section */

/* Begin PBXFileReference section */
		742A8FCA1EC24B9100660609 /* TacoPOP.app */ = {isa = PBXFileReference; explicitFileType = wrapper.application; includeInIndex = 0; path = TacoPOP.app; sourceTree = BUILT_PRODUCTS_DIR; };
		742A8FCD1EC24B9100660609 /* AppDelegate.swift */ = {isa = PBXFileReference; lastKnownFileType = sourcecode.swift; path = AppDelegate.swift; sourceTree = "<group>"; };
		742A8FD21EC24B9100660609 /* Base */ = {isa = PBXFileReference; lastKnownFileType = file.storyboard; name = Base; path = Base.lproj/Main.storyboard; sourceTree = "<group>"; };
		742A8FD41EC24B9100660609 /* Assets.xcassets */ = {isa = PBXFileReference; lastKnownFileType = folder.assetcatalog; path = Assets.xcassets; sourceTree = "<group>"; };
		742A8FD71EC24B9100660609 /* Base */ = {isa = PBXFileReference; lastKnownFileType = file.storyboard; name = Base; path = Base.lproj/LaunchScreen.storyboard; sourceTree = "<group>"; };
		742A8FD91EC24B9100660609 /* Info.plist */ = {isa = PBXFileReference; lastKnownFileType = text.plist.xml; path = Info.plist; sourceTree = "<group>"; };
		742A8FDE1EC24B9100660609 /* TacoPOPTests.xctest */ = {isa = PBXFileReference; explicitFileType = wrapper.cfbundle; includeInIndex = 0; path = TacoPOPTests.xctest; sourceTree = BUILT_PRODUCTS_DIR; };
		742A8FF31EC24C7E00660609 /* MainVC.swift */ = {isa = PBXFileReference; fileEncoding = 4; lastKnownFileType = sourcecode.swift; path = MainVC.swift; sourceTree = "<group>"; };
		742A8FF51EC24E3A00660609 /* DropShadow.swift */ = {isa = PBXFileReference; fileEncoding = 4; lastKnownFileType = sourcecode.swift; path = DropShadow.swift; sourceTree = "<group>"; };
		742A8FF71EC24EFD00660609 /* HeaderView.swift */ = {isa = PBXFileReference; fileEncoding = 4; lastKnownFileType = sourcecode.swift; path = HeaderView.swift; sourceTree = "<group>"; };
		742A8FF91EC2509700660609 /* Taco.swift */ = {isa = PBXFileReference; fileEncoding = 4; lastKnownFileType = sourcecode.swift; path = Taco.swift; sourceTree = "<group>"; };
		742A8FFB1EC253E400660609 /* DataService.swift */ = {isa = PBXFileReference; fileEncoding = 4; lastKnownFileType = sourcecode.swift; path = DataService.swift; sourceTree = "<group>"; };
		742A8FFD1EC2571C00660609 /* TacoCell.swift */ = {isa = PBXFileReference; fileEncoding = 4; lastKnownFileType = sourcecode.swift; path = TacoCell.swift; sourceTree = "<group>"; };
		742A8FFE1EC2571C00660609 /* TacoCell.xib */ = {isa = PBXFileReference; fileEncoding = 4; lastKnownFileType = file.xib; path = TacoCell.xib; sourceTree = "<group>"; };
/* End PBXFileReference section */

/* Begin PBXFrameworksBuildPhase section */
		742A8FC71EC24B9100660609 /* Frameworks */ = {
			isa = PBXFrameworksBuildPhase;
			buildActionMask = 2147483647;
			files = (
			);
			runOnlyForDeploymentPostprocessing = 0;
		};
		742A8FDB1EC24B9100660609 /* Frameworks */ = {
			isa = PBXFrameworksBuildPhase;
			buildActionMask = 2147483647;
			files = (
			);
			runOnlyForDeploymentPostprocessing = 0;
		};
/* End PBXFrameworksBuildPhase section */

/* Begin PBXGroup section */
		742A8FC11EC24B9100660609 = {
			isa = PBXGroup;
			children = (
				742A8FCC1EC24B9100660609 /* TacoPOP */,
				742A8FCB1EC24B9100660609 /* Products */,
			);
			sourceTree = "<group>";
		};
		742A8FCB1EC24B9100660609 /* Products */ = {
			isa = PBXGroup;
			children = (
				742A8FCA1EC24B9100660609 /* TacoPOP.app */,
				742A8FDE1EC24B9100660609 /* TacoPOPTests.xctest */,
			);
			name = Products;
			sourceTree = "<group>";
		};
		742A8FCC1EC24B9100660609 /* TacoPOP */ = {
			isa = PBXGroup;
			children = (
				742A8FF21EC24C2900660609 /* Extensions */,
				742A8FF11EC24C2200660609 /* Protocols */,
				742A8FEF1EC24C0B00660609 /* Model */,
				742A8FEE1EC24BFB00660609 /* View */,
				742A8FED1EC24BF100660609 /* Controller */,
				742A8FF01EC24C1200660609 /* Resources */,
			);
			path = TacoPOP;
			sourceTree = "<group>";
		};
		742A8FED1EC24BF100660609 /* Controller */ = {
			isa = PBXGroup;
			children = (
				742A8FCD1EC24B9100660609 /* AppDelegate.swift */,
				742A8FF31EC24C7E00660609 /* MainVC.swift */,
			);
			name = Controller;
			sourceTree = "<group>";
		};
		742A8FEE1EC24BFB00660609 /* View */ = {
			isa = PBXGroup;
			children = (
				742A8FD61EC24B9100660609 /* LaunchScreen.storyboard */,
				742A8FD11EC24B9100660609 /* Main.storyboard */,
				742A8FF71EC24EFD00660609 /* HeaderView.swift */,
				742A8FFD1EC2571C00660609 /* TacoCell.swift */,
				742A8FFE1EC2571C00660609 /* TacoCell.xib */,
			);
			name = View;
			sourceTree = "<group>";
		};
		742A8FEF1EC24C0B00660609 /* Model */ = {
			isa = PBXGroup;
			children = (
				742A8FF91EC2509700660609 /* Taco.swift */,
				742A8FFB1EC253E400660609 /* DataService.swift */,
			);
			name = Model;
			sourceTree = "<group>";
		};
		742A8FF01EC24C1200660609 /* Resources */ = {
			isa = PBXGroup;
			children = (
				742A8FD41EC24B9100660609 /* Assets.xcassets */,
				742A8FD91EC24B9100660609 /* Info.plist */,
			);
			name = Resources;
			sourceTree = "<group>";
		};
		742A8FF11EC24C2200660609 /* Protocols */ = {
			isa = PBXGroup;
			children = (
				742A8FF51EC24E3A00660609 /* DropShadow.swift */,
			);
			name = Protocols;
			sourceTree = "<group>";
		};
		742A8FF21EC24C2900660609 /* Extensions */ = {
			isa = PBXGroup;
			children = (
			);
			name = Extensions;
			sourceTree = "<group>";
		};
/* End PBXGroup section */

/* Begin PBXNativeTarget section */
		742A8FC91EC24B9100660609 /* TacoPOP */ = {
			isa = PBXNativeTarget;
			buildConfigurationList = 742A8FE71EC24B9100660609 /* Build configuration list for PBXNativeTarget "TacoPOP" */;
			buildPhases = (
				742A8FC61EC24B9100660609 /* Sources */,
				742A8FC71EC24B9100660609 /* Frameworks */,
				742A8FC81EC24B9100660609 /* Resources */,
			);
			buildRules = (
			);
			dependencies = (
			);
			name = TacoPOP;
			productName = TacoPOP;
			productReference = 742A8FCA1EC24B9100660609 /* TacoPOP.app */;
			productType = "com.apple.product-type.application";
		};
		742A8FDD1EC24B9100660609 /* TacoPOPTests */ = {
			isa = PBXNativeTarget;
			buildConfigurationList = 742A8FEA1EC24B9100660609 /* Build configuration list for PBXNativeTarget "TacoPOPTests" */;
			buildPhases = (
				742A8FDA1EC24B9100660609 /* Sources */,
				742A8FDB1EC24B9100660609 /* Frameworks */,
				742A8FDC1EC24B9100660609 /* Resources */,
			);
			buildRules = (
			);
			dependencies = (
				742A8FE01EC24B9100660609 /* PBXTargetDependency */,
			);
			name = TacoPOPTests;
			productName = TacoPOPTests;
			productReference = 742A8FDE1EC24B9100660609 /* TacoPOPTests.xctest */;
			productType = "com.apple.product-type.bundle.unit-test";
		};
/* End PBXNativeTarget section */

/* Begin PBXProject section */
		742A8FC21EC24B9100660609 /* Project object */ = {
			isa = PBXProject;
			attributes = {
				LastSwiftUpdateCheck = 0820;
				LastUpgradeCheck = 0820;
				ORGANIZATIONNAME = 3..2..1..GO;
				TargetAttributes = {
					742A8FC91EC24B9100660609 = {
						CreatedOnToolsVersion = 8.2;
						DevelopmentTeam = 68FLA3XZ62;
						ProvisioningStyle = Automatic;
					};
					742A8FDD1EC24B9100660609 = {
						CreatedOnToolsVersion = 8.2;
						DevelopmentTeam = 68FLA3XZ62;
						ProvisioningStyle = Automatic;
						TestTargetID = 742A8FC91EC24B9100660609;
					};
				};
			};
			buildConfigurationList = 742A8FC51EC24B9100660609 /* Build configuration list for PBXProject "TacoPOP" */;
			compatibilityVersion = "Xcode 3.2";
			developmentRegion = English;
			hasScannedForEncodings = 0;
			knownRegions = (
				en,
				Base,
			);
			mainGroup = 742A8FC11EC24B9100660609;
			productRefGroup = 742A8FCB1EC24B9100660609 /* Products */;
			projectDirPath = "";
			projectRoot = "";
			targets = (
				742A8FC91EC24B9100660609 /* TacoPOP */,
				742A8FDD1EC24B9100660609 /* TacoPOPTests */,
			);
		};
/* End PBXProject section */

/* Begin PBXResourcesBuildPhase section */
		742A8FC81EC24B9100660609 /* Resources */ = {
			isa = PBXResourcesBuildPhase;
			buildActionMask = 2147483647;
			files = (
				742A90001EC2571C00660609 /* TacoCell.xib in Resources */,
				742A8FD81EC24B9100660609 /* LaunchScreen.storyboard in Resources */,
				742A8FD51EC24B9100660609 /* Assets.xcassets in Resources */,
				742A8FD31EC24B9100660609 /* Main.storyboard in Resources */,
			);
			runOnlyForDeploymentPostprocessing = 0;
		};
		742A8FDC1EC24B9100660609 /* Resources */ = {
			isa = PBXResourcesBuildPhase;
			buildActionMask = 2147483647;
			files = (
			);
			runOnlyForDeploymentPostprocessing = 0;
		};
/* End PBXResourcesBuildPhase section */

/* Begin PBXSourcesBuildPhase section */
		742A8FC61EC24B9100660609 /* Sources */ = {
			isa = PBXSourcesBuildPhase;
			buildActionMask = 2147483647;
			files = (
				742A8FFF1EC2571C00660609 /* TacoCell.swift in Sources */,
				742A8FCE1EC24B9100660609 /* AppDelegate.swift in Sources */,
				742A8FF61EC24E3A00660609 /* DropShadow.swift in Sources */,
				742A8FF41EC24C7E00660609 /* MainVC.swift in Sources */,
				742A8FFC1EC253E400660609 /* DataService.swift in Sources */,
				742A8FFA1EC2509700660609 /* Taco.swift in Sources */,
				742A8FF81EC24EFD00660609 /* HeaderView.swift in Sources */,
			);
			runOnlyForDeploymentPostprocessing = 0;
		};
		742A8FDA1EC24B9100660609 /* Sources */ = {
			isa = PBXSourcesBuildPhase;
			buildActionMask = 2147483647;
			files = (
			);
			runOnlyForDeploymentPostprocessing = 0;
		};
/* End PBXSourcesBuildPhase section */

/* Begin PBXTargetDependency section */
		742A8FE01EC24B9100660609 /* PBXTargetDependency */ = {
			isa = PBXTargetDependency;
			target = 742A8FC91EC24B9100660609 /* TacoPOP */;
			targetProxy = 742A8FDF1EC24B9100660609 /* PBXContainerItemProxy */;
		};
/* End PBXTargetDependency section */

/* Begin PBXVariantGroup section */
		742A8FD11EC24B9100660609 /* Main.storyboard */ = {
			isa = PBXVariantGroup;
			children = (
				742A8FD21EC24B9100660609 /* Base */,
			);
			name = Main.storyboard;
			sourceTree = "<group>";
		};
		742A8FD61EC24B9100660609 /* LaunchScreen.storyboard */ = {
			isa = PBXVariantGroup;
			children = (
				742A8FD71EC24B9100660609 /* Base */,
			);
			name = LaunchScreen.storyboard;
			sourceTree = "<group>";
		};
/* End PBXVariantGroup section */

/* Begin XCBuildConfiguration section */
		742A8FE51EC24B9100660609 /* Debug */ = {
			isa = XCBuildConfiguration;
			buildSettings = {
				ALWAYS_SEARCH_USER_PATHS = NO;
				CLANG_ANALYZER_NONNULL = YES;
				CLANG_CXX_LANGUAGE_STANDARD = "gnu++0x";
				CLANG_CXX_LIBRARY = "libc++";
				CLANG_ENABLE_MODULES = YES;
				CLANG_ENABLE_OBJC_ARC = YES;
				CLANG_WARN_BOOL_CONVERSION = YES;
				CLANG_WARN_CONSTANT_CONVERSION = YES;
				CLANG_WARN_DIRECT_OBJC_ISA_USAGE = YES_ERROR;
				CLANG_WARN_DOCUMENTATION_COMMENTS = YES;
				CLANG_WARN_EMPTY_BODY = YES;
				CLANG_WARN_ENUM_CONVERSION = YES;
				CLANG_WARN_INFINITE_RECURSION = YES;
				CLANG_WARN_INT_CONVERSION = YES;
				CLANG_WARN_OBJC_ROOT_CLASS = YES_ERROR;
				CLANG_WARN_SUSPICIOUS_MOVE = YES;
				CLANG_WARN_UNREACHABLE_CODE = YES;
				CLANG_WARN__DUPLICATE_METHOD_MATCH = YES;
				"CODE_SIGN_IDENTITY[sdk=iphoneos*]" = "iPhone Developer";
				COPY_PHASE_STRIP = NO;
				DEBUG_INFORMATION_FORMAT = dwarf;
				ENABLE_STRICT_OBJC_MSGSEND = YES;
				ENABLE_TESTABILITY = YES;
				GCC_C_LANGUAGE_STANDARD = gnu99;
				GCC_DYNAMIC_NO_PIC = NO;
				GCC_NO_COMMON_BLOCKS = YES;
				GCC_OPTIMIZATION_LEVEL = 0;
				GCC_PREPROCESSOR_DEFINITIONS = (
					"DEBUG=1",
					"$(inherited)",
				);
				GCC_WARN_64_TO_32_BIT_CONVERSION = YES;
				GCC_WARN_ABOUT_RETURN_TYPE = YES_ERROR;
				GCC_WARN_UNDECLARED_SELECTOR = YES;
				GCC_WARN_UNINITIALIZED_AUTOS = YES_AGGRESSIVE;
				GCC_WARN_UNUSED_FUNCTION = YES;
				GCC_WARN_UNUSED_VARIABLE = YES;
				IPHONEOS_DEPLOYMENT_TARGET = 10.2;
				MTL_ENABLE_DEBUG_INFO = YES;
				ONLY_ACTIVE_ARCH = YES;
				SDKROOT = iphoneos;
				SWIFT_ACTIVE_COMPILATION_CONDITIONS = DEBUG;
				SWIFT_OPTIMIZATION_LEVEL = "-Onone";
				TARGETED_DEVICE_FAMILY = "1,2";
			};
			name = Debug;
		};
		742A8FE61EC24B9100660609 /* Release */ = {
			isa = XCBuildConfiguration;
			buildSettings = {
				ALWAYS_SEARCH_USER_PATHS = NO;
				CLANG_ANALYZER_NONNULL = YES;
				CLANG_CXX_LANGUAGE_STANDARD = "gnu++0x";
				CLANG_CXX_LIBRARY = "libc++";
				CLANG_ENABLE_MODULES = YES;
				CLANG_ENABLE_OBJC_ARC = YES;
				CLANG_WARN_BOOL_CONVERSION = YES;
				CLANG_WARN_CONSTANT_CONVERSION = YES;
				CLANG_WARN_DIRECT_OBJC_ISA_USAGE = YES_ERROR;
				CLANG_WARN_DOCUMENTATION_COMMENTS = YES;
				CLANG_WARN_EMPTY_BODY = YES;
				CLANG_WARN_ENUM_CONVERSION = YES;
				CLANG_WARN_INFINITE_RECURSION = YES;
				CLANG_WARN_INT_CONVERSION = YES;
				CLANG_WARN_OBJC_ROOT_CLASS = YES_ERROR;
				CLANG_WARN_SUSPICIOUS_MOVE = YES;
				CLANG_WARN_UNREACHABLE_CODE = YES;
				CLANG_WARN__DUPLICATE_METHOD_MATCH = YES;
				"CODE_SIGN_IDENTITY[sdk=iphoneos*]" = "iPhone Developer";
				COPY_PHASE_STRIP = NO;
				DEBUG_INFORMATION_FORMAT = "dwarf-with-dsym";
				ENABLE_NS_ASSERTIONS = NO;
				ENABLE_STRICT_OBJC_MSGSEND = YES;
				GCC_C_LANGUAGE_STANDARD = gnu99;
				GCC_NO_COMMON_BLOCKS = YES;
				GCC_WARN_64_TO_32_BIT_CONVERSION = YES;
				GCC_WARN_ABOUT_RETURN_TYPE = YES_ERROR;
				GCC_WARN_UNDECLARED_SELECTOR = YES;
				GCC_WARN_UNINITIALIZED_AUTOS = YES_AGGRESSIVE;
				GCC_WARN_UNUSED_FUNCTION = YES;
				GCC_WARN_UNUSED_VARIABLE = YES;
				IPHONEOS_DEPLOYMENT_TARGET = 10.2;
				MTL_ENABLE_DEBUG_INFO = NO;
				SDKROOT = iphoneos;
				SWIFT_OPTIMIZATION_LEVEL = "-Owholemodule";
				TARGETED_DEVICE_FAMILY = "1,2";
				VALIDATE_PRODUCT = YES;
			};
			name = Release;
		};
		742A8FE81EC24B9100660609 /* Debug */ = {
			isa = XCBuildConfiguration;
			buildSettings = {
				ASSETCATALOG_COMPILER_APPICON_NAME = AppIcon;
				DEVELOPMENT_TEAM = 68FLA3XZ62;
				INFOPLIST_FILE = TacoPOP/Info.plist;
				LD_RUNPATH_SEARCH_PATHS = "$(inherited) @executable_path/Frameworks";
				PRODUCT_BUNDLE_IDENTIFIER = com.sakota.TacoPOP;
				PRODUCT_NAME = "$(TARGET_NAME)";
				SWIFT_VERSION = 3.0;
			};
			name = Debug;
		};
		742A8FE91EC24B9100660609 /* Release */ = {
			isa = XCBuildConfiguration;
			buildSettings = {
				ASSETCATALOG_COMPILER_APPICON_NAME = AppIcon;
				DEVELOPMENT_TEAM = 68FLA3XZ62;
				INFOPLIST_FILE = TacoPOP/Info.plist;
				LD_RUNPATH_SEARCH_PATHS = "$(inherited) @executable_path/Frameworks";
				PRODUCT_BUNDLE_IDENTIFIER = com.sakota.TacoPOP;
				PRODUCT_NAME = "$(TARGET_NAME)";
				SWIFT_VERSION = 3.0;
			};
			name = Release;
		};
		742A8FEB1EC24B9100660609 /* Debug */ = {
			isa = XCBuildConfiguration;
			buildSettings = {
				ALWAYS_EMBED_SWIFT_STANDARD_LIBRARIES = YES;
				BUNDLE_LOADER = "$(TEST_HOST)";
				DEVELOPMENT_TEAM = 68FLA3XZ62;
				INFOPLIST_FILE = TacoPOPTests/Info.plist;
				LD_RUNPATH_SEARCH_PATHS = "$(inherited) @executable_path/Frameworks @loader_path/Frameworks";
				PRODUCT_BUNDLE_IDENTIFIER = com.sakota.TacoPOPTests;
				PRODUCT_NAME = "$(TARGET_NAME)";
				SWIFT_VERSION = 3.0;
				TEST_HOST = "$(BUILT_PRODUCTS_DIR)/TacoPOP.app/TacoPOP";
			};
			name = Debug;
		};
		742A8FEC1EC24B9100660609 /* Release */ = {
			isa = XCBuildConfiguration;
			buildSettings = {
				ALWAYS_EMBED_SWIFT_STANDARD_LIBRARIES = YES;
				BUNDLE_LOADER = "$(TEST_HOST)";
				DEVELOPMENT_TEAM = 68FLA3XZ62;
				INFOPLIST_FILE = TacoPOPTests/Info.plist;
				LD_RUNPATH_SEARCH_PATHS = "$(inherited) @executable_path/Frameworks @loader_path/Frameworks";
				PRODUCT_BUNDLE_IDENTIFIER = com.sakota.TacoPOPTests;
				PRODUCT_NAME = "$(TARGET_NAME)";
				SWIFT_VERSION = 3.0;
				TEST_HOST = "$(BUILT_PRODUCTS_DIR)/TacoPOP.app/TacoPOP";
			};
			name = Release;
		};
/* End XCBuildConfiguration section */

/* Begin XCConfigurationList section */
		742A8FC51EC24B9100660609 /* Build configuration list for PBXProject "TacoPOP" */ = {
			isa = XCConfigurationList;
			buildConfigurations = (
				742A8FE51EC24B9100660609 /* Debug */,
				742A8FE61EC24B9100660609 /* Release */,
			);
			defaultConfigurationIsVisible = 0;
			defaultConfigurationName = Release;
		};
		742A8FE71EC24B9100660609 /* Build configuration list for PBXNativeTarget "TacoPOP" */ = {
			isa = XCConfigurationList;
			buildConfigurations = (
				742A8FE81EC24B9100660609 /* Debug */,
				742A8FE91EC24B9100660609 /* Release */,
			);
			defaultConfigurationIsVisible = 0;
			defaultConfigurationName = Release;
		};
		742A8FEA1EC24B9100660609 /* Build configuration list for PBXNativeTarget "TacoPOPTests" */ = {
			isa = XCConfigurationList;
			buildConfigurations = (
				742A8FEB1EC24B9100660609 /* Debug */,
				742A8FEC1EC24B9100660609 /* Release */,
			);
			defaultConfigurationIsVisible = 0;
			defaultConfigurationName = Release;
		};
/* End XCConfigurationList section */
	};
	rootObject = 742A8FC21EC24B9100660609 /* Project object */;
}
